{
  "root": 6,
  "nodes": [
    [],
    [
      [
        {
          "name": "std",
          "path": "../std"
        },
        {
          "artifact": "dir_014fncnxyyac4pvpxj9scc89zjqvs1sekm3sc0hezx23g5r6w2ketg",
          "lock": 0
        }
      ]
    ],
    [
      [
        {
          "name": "m4",
          "path": "../m4"
        },
        {
          "artifact": "dir_01jj06sqdw7am9e65pg7k3gwfgpydvcpfqdwjacj4nyya31va32w30",
          "lock": 1
        }
      ],
      [
        {
          "name": "std",
          "path": "../std"
        },
        {
          "artifact": "dir_014fncnxyyac4pvpxj9scc89zjqvs1sekm3sc0hezx23g5r6w2ketg",
          "lock": 0
        }
      ]
    ],
    [
      [
        {
          "name": "bison",
          "path": "../bison"
        },
        {
          "artifact": "dir_01emecd6zcsz65yty69yg1541tdffqs73q03rv4p84xe1nhhk36jmg",
          "lock": 2
        }
      ],
      [
        {
          "name": "libffi",
          "path": "../libffi"
        },
        {
          "artifact": "dir_0102cgckbhccawtk0xgn1qj2wgfk8apek51k6x5wpev92t8wt8wxxg",
          "lock": 1
        }
      ],
      [
        {
          "name": "m4",
          "path": "../m4"
        },
        {
          "artifact": "dir_01jj06sqdw7am9e65pg7k3gwfgpydvcpfqdwjacj4nyya31va32w30",
          "lock": 1
        }
      ],
      [
        {
          "name": "std",
          "path": "../std"
        },
        {
          "artifact": "dir_014fncnxyyac4pvpxj9scc89zjqvs1sekm3sc0hezx23g5r6w2ketg",
          "lock": 0
        }
      ],
      [
        {
          "name": "zlib",
          "path": "../zlib"
        },
        {
          "artifact": "dir_01shsba998f2z1sek88b7q7ak52xp4h12ft9k3n9mt56p05n28epk0",
          "lock": 1
        }
      ]
    ],
    [
      [
        {
          "name": "perl",
          "path": "../perl"
        },
        {
          "artifact": "dir_019j4a5s9y8686j2ejgpj80avw55414ww98rt51ey22mq04gdcmms0",
          "lock": 3
        }
      ],
      [
        {
          "name": "std",
          "path": "../std"
        },
        {
          "artifact": "dir_014fncnxyyac4pvpxj9scc89zjqvs1sekm3sc0hezx23g5r6w2ketg",
          "lock": 0
        }
      ]
    ],
    [
      [
        {
          "name": "openssl",
          "path": "../openssl"
        },
        {
          "artifact": "dir_013fqbn16d4rp7rbn2jvk500htvayp93k72axkzrvtr9gbxw8m29hg",
          "lock": 4
        }
      ],
      [
        {
          "name": "std",
          "path": "../std"
        },
        {
          "artifact": "dir_014fncnxyyac4pvpxj9scc89zjqvs1sekm3sc0hezx23g5r6w2ketg",
          "lock": 0
        }
      ],
      [
        {
          "name": "zlib",
          "path": "../zlib"
        },
        {
          "artifact": "dir_01shsba998f2z1sek88b7q7ak52xp4h12ft9k3n9mt56p05n28epk0",
          "lock": 1
        }
      ]
    ],
    [
      [
        {
          "name": "rust"
        },
        {
          "artifact": "dir_01cfrwg68jea8n4vfmv5twpfhqpzbtx3xn5910839jngn7eh7t5vh0",
          "lock": 5
        }
      ],
      [
        {
          "name": "std"
        },
        {
          "artifact": "dir_014fncnxyyac4pvpxj9scc89zjqvs1sekm3sc0hezx23g5r6w2ketg",
          "lock": 0
        }
      ]
    ]
  ]
}