{
  "root": 6,
  "nodes": [
    [],
    [
      [
        {
          "name": "std",
          "path": "../std"
        },
        {
          "lock": 0
        }
      ]
    ],
    [
      [
        {
          "name": "m4",
          "path": "../m4"
        },
        {
          "lock": 1
        }
      ],
      [
        {
          "name": "std",
          "path": "../std"
        },
        {
          "lock": 0
        }
      ]
    ],
    [
      [
        {
          "name": "bison",
          "path": "../bison"
        },
        {
          "lock": 2
        }
      ],
      [
        {
          "name": "libffi",
          "path": "../libffi"
        },
        {
          "lock": 1
        }
      ],
      [
        {
          "name": "m4",
          "path": "../m4"
        },
        {
          "lock": 1
        }
      ],
      [
        {
          "name": "std",
          "path": "../std"
        },
        {
          "lock": 0
        }
      ],
      [
        {
          "name": "zlib",
          "path": "../zlib"
        },
        {
          "lock": 1
        }
      ]
    ],
    [
      [
        {
          "name": "perl",
          "path": "../perl"
        },
        {
          "lock": 3
        }
      ],
      [
        {
          "name": "std",
          "path": "../std"
        },
        {
          "lock": 0
        }
      ]
    ],
    [
      [
        {
          "name": "openssl",
          "path": "../openssl"
        },
        {
          "lock": 4
        }
      ],
      [
        {
          "name": "std",
          "path": "../std"
        },
        {
          "lock": 0
        }
      ],
      [
        {
          "name": "zlib",
          "path": "../zlib"
        },
        {
          "lock": 1
        }
      ]
    ],
    [
      [
        {
          "name": "rust",
          "path": "../packages/packages/rust"
        },
        {
          "lock": 5
        }
      ],
      [
        {
          "name": "std",
          "path": "../packages/packages/std"
        },
        {
          "lock": 0
        }
      ]
    ]
  ]
}