{
  "root": 4,
  "nodes": [
    {},
    {
      "./grandchild": {
        "package": "dir_01yceqcsfgzjcghftaacm7n3h7a4xd7r2j9t82x0jqesydngjqdrtg",
        "lock": 0
      }
    },
    {
      "../child2": {
        "package": "dir_01a5bxg7w3tvnbm68m2wrb5a48pha5bxt2tegzny8rhcdnqxv61ymg",
        "lock": 1
      }
    },
    {
      "./child1": {
        "package": "dir_0115c9y3w4g7qaxbxg3cg7d7ye3vhhfxd0xvr3ja5ge1eqb4srrceg",
        "lock": 2
      },
      "./child2": {
        "package": "dir_01a5bxg7w3tvnbm68m2wrb5a48pha5bxt2tegzny8rhcdnqxv61ymg",
        "lock": 1
      }
    },
    {
      "root": {
        "package": "dir_01edmtd5fm6e32sw0nzb6w1h0qfaagk9kq19kg1g4tmpj8z0a3z0b0",
        "lock": 3
      }
    }
  ]
}