{
  "root": 3,
  "nodes": [
    {},
    {
      "qux@diamond": {
        "package": "dir_01grf8pta95q7bshsrkce7jwh1te6w1pabacjecehvng5ne43fmr4g",
        "lock": 0
      }
    },
    {
      "bar@diamond": {
        "package": "dir_018ha1rqs176f6n7dmfwnn0dz0wa5k4vmdqb3rp1xwa9djkftp1gvg",
        "lock": 1
      },
      "baz@diamond": {
        "package": "dir_018pf6p53b5m1mwx7nxybnk22zd93xmfmcrneyy3g9qsz6sd1teqs0",
        "lock": 1
      }
    },
    {
      "foo@diamond": {
        "package": "dir_01y7sdcc6hnxs3gae4mkh01p8dg9tswvyqva3jaamv115anhx5s320",
        "lock": 2
      }
    }
  ]
}